
Microsoft Visual Studio Solution File, Format Version 12.00
# Visual Studio Version 17
VisualStudioVersion = 17.13.35913.81 d17.13
MinimumVisualStudioVersion = 10.0.40219.1
Project("{FAE04EC0-301F-11D3-BF4B-00C04F79EFBC}") = "CrudOwn", "CrudOwn\CrudOwn.csproj", "{380B266C-37E1-4A48-A677-7123832AC347}"
EndProject
Global
	GlobalSection(SolutionConfigurationPlatforms) = preSolution
		Debug|Any CPU = Debug|Any CPU
		Release|Any CPU = Release|Any CPU
	EndGlobalSection
	GlobalSection(ProjectConfigurationPlatforms) = postSolution
		{380B266C-37E1-4A48-A677-7123832AC347}.Debug|Any CPU.ActiveCfg = Debug|Any CPU
		{380B266C-37E1-4A48-A677-7123832AC347}.Debug|Any CPU.Build.0 = Debug|Any CPU
		{380B266C-37E1-4A48-A677-7123832AC347}.Release|Any CPU.ActiveCfg = Release|Any CPU
		{380B266C-37E1-4A48-A677-7123832AC347}.Release|Any CPU.Build.0 = Release|Any CPU
	EndGlobalSection
	GlobalSection(SolutionProperties) = preSolution
		HideSolutionNode = FALSE
	EndGlobalSection
	GlobalSection(ExtensibilityGlobals) = postSolution
		SolutionGuid = {8DF5316F-3FCA-4505-A4BB-48E50D0A23D8}
	EndGlobalSection
EndGlobal
